<?xml version="1.0" encoding="utf-8"?>
<Project ToolsVersion="4.0" xmlns="http://schemas.microsoft.com/developer/msbuild/2003">
  <ItemGroup>
    <ClCompile Include="Source\AudioHandler.cpp">
      <Filter>Source Files\Internal</Filter>
    </ClCompile>
    <ClCompile Include="Source\Bullet.cpp">
      <Filter>Source Files\Internal</Filter>
    </ClCompile>
    <ClCompile Include="Source\Camera3.cpp">
      <Filter>Source Files\Entity</Filter>
    </ClCompile>
    <ClCompile Include="Source\collision.cpp">
      <Filter>Source Files\Internal</Filter>
    </ClCompile>
    <ClCompile Include="Source\entity.cpp">
      <Filter>Source Files\Entity</Filter>
    </ClCompile>
    <ClCompile Include="Source\FontLoader.cpp">
      <Filter>Source Files\Internal</Filter>
    </ClCompile>
    <ClCompile Include="Source\Hoops.cpp">
      <Filter>Source Files\Internal</Filter>
    </ClCompile>
    <ClCompile Include="Source\genericEntity.cpp">
      <Filter>Source Files\Entity</Filter>
    </ClCompile>
    <ClCompile Include="Source\Light.cpp">
      <Filter>Source Files\Internal</Filter>
    </ClCompile>
    <ClCompile Include="Source\LoadOBJ.cpp">
      <Filter>Source Files\Internal</Filter>
    </ClCompile>
    <ClCompile Include="Source\LoadTGA.cpp">
      <Filter>Source Files\Internal</Filter>
    </ClCompile>
    <ClCompile Include="Source\Mesh.cpp">
      <Filter>Source Files\Internal</Filter>
    </ClCompile>
    <ClCompile Include="Source\Application.cpp">
      <Filter>Source Files\Internal</Filter>
    </ClCompile>
    <ClCompile Include="Source\main.cpp">
      <Filter>Source Files\Internal</Filter>
    </ClCompile>
    <ClCompile Include="Source\MeshBuilder.cpp">
      <Filter>Source Files\Internal</Filter>
    </ClCompile>
    <ClCompile Include="Source\MouseHandler.cpp">
      <Filter>Source Files\Internal</Filter>
    </ClCompile>
    <ClCompile Include="Source\PlanetRange.cpp">
      <Filter>Source Files\Internal</Filter>
    </ClCompile>
    <ClCompile Include="Source\SaveFiles.cpp">
      <Filter>Source Files\Internal</Filter>
    </ClCompile>
    <ClCompile Include="Source\shader.cpp">
      <Filter>Source Files\Internal</Filter>
    </ClCompile>
    <ClCompile Include="Source\money.cpp">
      <Filter>Source Files\Internal</Filter>
    </ClCompile>
    <ClCompile Include="Source\SceneWorld.cpp">
      <Filter>Source Files\States</Filter>
    </ClCompile>
    <ClCompile Include="Source\State.cpp">
      <Filter>Source Files\States</Filter>
    </ClCompile>
    <ClCompile Include="Source\StateGame.cpp">
      <Filter>Source Files\States</Filter>
    </ClCompile>
    <ClCompile Include="Source\StateHangar.cpp">
      <Filter>Source Files\States</Filter>
    </ClCompile>
    <ClCompile Include="Source\StateInit.cpp">
      <Filter>Source Files\States</Filter>
    </ClCompile>
    <ClCompile Include="Source\StateManager.cpp">
      <Filter>Source Files\States</Filter>
    </ClCompile>
    <ClCompile Include="Source\StateMenus.cpp">
      <Filter>Source Files\States</Filter>
    </ClCompile>
    <ClCompile Include="Source\StatePlanet.cpp">
      <Filter>Source Files\States</Filter>
    </ClCompile>
    <ClCompile Include="Source\StateShop.cpp">
      <Filter>Source Files\States</Filter>
    </ClCompile>
    <ClCompile Include="Source\StateTitle.cpp">
      <Filter>Source Files\States</Filter>
    </ClCompile>
    <ClCompile Include="Source\spaceship.cpp">
      <Filter>Source Files\Entity</Filter>
    </ClCompile>
    <ClCompile Include="Source\testCube.cpp">
      <Filter>Source Files\Entity</Filter>
    </ClCompile>
    <ClCompile Include="Source\Utility.cpp">
      <Filter>Source Files\Internal</Filter>
    </ClCompile>
    <ClCompile Include="Source\StateStat.cpp">
      <Filter>Source Files\States</Filter>
    </ClCompile>
  </ItemGroup>
  <ItemGroup>
    <ClInclude Include="Source\AudioHandler.h">
      <Filter>Header Files\Internal</Filter>
    </ClInclude>
    <ClInclude Include="Source\Bullet.h">
      <Filter>Header Files\Internal</Filter>
    </ClInclude>
    <ClInclude Include="Source\Camera3.h">
      <Filter>Header Files\Entity</Filter>
    </ClInclude>
    <ClInclude Include="Source\entity.h">
      <Filter>Header Files\Entity</Filter>
    </ClInclude>
    <ClInclude Include="Source\FontLoader.h">
      <Filter>Header Files\Internal</Filter>
    </ClInclude>
    <ClInclude Include="Source\Hoops.h">
      <Filter>Header Files\Internal</Filter>
    </ClInclude>
    <ClInclude Include="Source\genericEntity.h">
      <Filter>Header Files\Entity</Filter>
    </ClInclude>
    <ClInclude Include="Source\Light.h">
      <Filter>Header Files\Internal</Filter>
    </ClInclude>
    <ClInclude Include="Source\LoadOBJ.h">
      <Filter>Header Files\Internal</Filter>
    </ClInclude>
    <ClInclude Include="Source\LoadTGA.h">
      <Filter>Header Files\Internal</Filter>
    </ClInclude>
    <ClInclude Include="Source\Mesh.h">
      <Filter>Header Files\Internal</Filter>
    </ClInclude>
    <ClInclude Include="Source\Application.h">
      <Filter>Header Files\Internal</Filter>
    </ClInclude>
    <ClInclude Include="Source\MeshBuilder.h">
      <Filter>Header Files\Internal</Filter>
    </ClInclude>
    <ClInclude Include="Source\MouseHandler.h">
      <Filter>Header Files\Internal</Filter>
    </ClInclude>
    <ClInclude Include="Source\PlanetRange.h">
      <Filter>Header Files\Internal</Filter>
    </ClInclude>
    <ClInclude Include="Source\SaveFiles.h">
      <Filter>Header Files\Internal</Filter>
    </ClInclude>
    <ClInclude Include="Source\shader.hpp">
      <Filter>Header Files\Internal</Filter>
    </ClInclude>
    <ClInclude Include="Source\spaceship.h">
      <Filter>Header Files\Entity</Filter>
    </ClInclude>
    <ClInclude Include="Source\money.h">
      <Filter>Header Files\Internal</Filter>
    </ClInclude>
    <ClInclude Include="Source\Scene.h">
      <Filter>Header Files\States</Filter>
    </ClInclude>
    <ClInclude Include="Source\SceneWorld.h">
      <Filter>Header Files\States</Filter>
    </ClInclude>
    <ClInclude Include="Source\State.h">
      <Filter>Header Files\States</Filter>
    </ClInclude>
    <ClInclude Include="Source\StateDebug.h">
      <Filter>Header Files\States</Filter>
    </ClInclude>
    <ClInclude Include="Source\StateGame.h">
      <Filter>Header Files\States</Filter>
    </ClInclude>
    <ClInclude Include="Source\StateHangar.h">
      <Filter>Header Files\States</Filter>
    </ClInclude>
    <ClInclude Include="Source\StateInit.h">
      <Filter>Header Files\States</Filter>
    </ClInclude>
    <ClInclude Include="Source\StateManager.h">
      <Filter>Header Files\States</Filter>
    </ClInclude>
    <ClInclude Include="Source\StateMenus.h">
      <Filter>Header Files\States</Filter>
    </ClInclude>
    <ClInclude Include="Source\StatePlanet.h">
      <Filter>Header Files\States</Filter>
    </ClInclude>
    <ClInclude Include="Source\StateShop.h">
      <Filter>Header Files\States</Filter>
    </ClInclude>
    <ClInclude Include="Source\StateTitle.h">
      <Filter>Header Files\States</Filter>
    </ClInclude>
    <ClInclude Include="Source\testCube.h">
      <Filter>Header Files\Entity</Filter>
    </ClInclude>
    <ClInclude Include="Source\Uniforms.h">
      <Filter>Header Files\Internal</Filter>
    </ClInclude>
    <ClInclude Include="Source\Utility.h">
      <Filter>Header Files\Internal</Filter>
    </ClInclude>
    <ClInclude Include="Source\Vertex.h">
      <Filter>Source Files\Internal</Filter>
    </ClInclude>
    <ClInclude Include="Source\StateStat.h">
      <Filter>Header Files\States</Filter>
    </ClInclude>
  </ItemGroup>
  <ItemGroup>
    <Filter Include="Header Files">
      <UniqueIdentifier>{9c8ca057-acef-415f-97eb-62da04bdd531}</UniqueIdentifier>
    </Filter>
    <Filter Include="Source Files">
      <UniqueIdentifier>{fc631571-b1af-43f2-950a-fc4dea99d1a9}</UniqueIdentifier>
    </Filter>
    <Filter Include="Source Files\Internal">
      <UniqueIdentifier>{98100814-ddf7-486f-b3f1-583e36eae24b}</UniqueIdentifier>
    </Filter>
    <Filter Include="Header Files\Internal">
      <UniqueIdentifier>{f54f8e0e-3028-4fef-bf07-d0b897410c59}</UniqueIdentifier>
    </Filter>
    <Filter Include="Header Files\Entity">
      <UniqueIdentifier>{3a295d11-f45c-47c4-98bb-022987c2593d}</UniqueIdentifier>
    </Filter>
    <Filter Include="Source Files\Entity">
      <UniqueIdentifier>{389343fb-93c8-4ab9-80b0-2d70db9d89ac}</UniqueIdentifier>
    </Filter>
    <Filter Include="Header Files\States">
      <UniqueIdentifier>{d11fb48e-8956-419a-9f44-2b4d30020fb0}</UniqueIdentifier>
    </Filter>
    <Filter Include="Source Files\States">
      <UniqueIdentifier>{be6ccd3e-7fc5-41b3-902e-6e673e11ef68}</UniqueIdentifier>
    </Filter>
  </ItemGroup>
</Project>